# This file is automatically @generated by Cargo.
# It is not intended for manual editing.
version = 3

[[package]]
name = "baud"
version = "0.1.0"
dependencies = [
 "baud-core",
]

[[package]]
name = "baud-cli"
version = "0.1.0"
dependencies = [
 "baud-core",
]

[[package]]
name = "baud-core"
version = "0.1.0"
